{
	"name": "@gongt/micro-build",
	"version": "3.0.2",
	"lockfileVersion": 1,
	"dependencies": {
		"@gongt/jenv": {
			"version": "http://npm-registry.localhost.vm/@gongt%2fjenv/-/jenv-2.1.7.tgz",
			"integrity": "sha1-R+4SLsyUn5v2gT3RaRMzyviPGSU=",
			"dependencies": {
				"@types/node": {
					"version": "http://npm-registry.localhost.vm/@types%2fnode/-/node-6.0.68.tgz",
					"integrity": "sha1-DEO2uLlEX+uGoPvTRX4/S8WR5m0="
				}
			}
		},
		"@gongt/jenv-data": {
			"version": "http://npm-registry.localhost.vm/@gongt%2fjenv-data/-/jenv-data-1.2.3.tgz",
			"integrity": "sha1-tG0YNzKNNr17lWAk1IHUKViIvjI=",
			"dependencies": {
				"debug": {
					"version": "http://npm-registry.localhost.vm/debug/-/debug-2.2.0.tgz",
					"integrity": "sha1-+HBX6ZWxofauaklgZkE3vFbwOdo="
				}
			}
		},
		"@types/chai": {
			"version": "http://npm-registry.localhost.vm/@types%2fchai/-/chai-3.4.35.tgz",
			"integrity": "sha1-6NZfg0ktKUT4FvxiB0GCHCioyQA="
		},
		"@types/extend": {
			"version": "http://npm-registry.localhost.vm/@types%2fextend/-/extend-2.0.30.tgz",
			"integrity": "sha1-WMyT9iHQo1jT/sm9bnObxg7H4nU="
		},
		"@types/mkdirp": {
			"version": "http://npm-registry.localhost.vm/@types%2fmkdirp/-/mkdirp-0.3.29.tgz",
			"integrity": "sha1-fyrX7FX5FEgvybHsS7GuYCjUYGY="
		},
		"@types/mocha": {
			"version": "http://npm-registry.localhost.vm/@types%2fmocha/-/mocha-2.2.40.tgz",
			"integrity": "sha1-mBHdgA7OVEzYS1uFmRe/WEoVDEw="
		},
		"@types/node": {
			"version": "http://npm-registry.localhost.vm/@types%2fnode/-/node-7.0.12.tgz",
			"integrity": "sha1-rl9noZwV91IUgATbB8u7Ny5p78k=",
			"dev": true
		},
		"abbrev": {
			"version": "http://npm-registry.localhost.vm/abbrev/-/abbrev-1.1.0.tgz",
			"integrity": "sha1-0FVMIlZjbi9W58LlrRg/hZQo2B8="
		},
		"ansi-regex": {
			"version": "http://npm-registry.localhost.vm/ansi-regex/-/ansi-regex-0.2.1.tgz",
			"integrity": "sha1-DY6UaWej2BQ/k+JOKYUl/BsiNfk="
		},
		"ansi-styles": {
			"version": "http://npm-registry.localhost.vm/ansi-styles/-/ansi-styles-1.1.0.tgz",
			"integrity": "sha1-6uy/Zs1waIJ2Cy9GkVgrj1XXp94="
		},
		"anymatch": {
			"version": "http://npm-registry.localhost.vm/anymatch/-/anymatch-1.3.0.tgz",
			"integrity": "sha1-o+Uvo5FoyCX/V7AkgSbOWo/5VQc="
		},
		"app-module-path": {
			"version": "http://npm-registry.localhost.vm/app-module-path/-/app-module-path-2.2.0.tgz",
			"integrity": "sha1-ZBqlXft9am8KgUHEucCqULbCTdU="
		},
		"arr-diff": {
			"version": "http://npm-registry.localhost.vm/arr-diff/-/arr-diff-2.0.0.tgz",
			"integrity": "sha1-jzuCf5Vai9ZpaX5KQlasPOrjVs8="
		},
		"arr-flatten": {
			"version": "http://npm-registry.localhost.vm/arr-flatten/-/arr-flatten-1.0.1.tgz",
			"integrity": "sha1-5f/lTUXhnzLyFukeuZyM6JK7YEs="
		},
		"array-unique": {
			"version": "http://npm-registry.localhost.vm/array-unique/-/array-unique-0.2.1.tgz",
			"integrity": "sha1-odl8yvy8JiXMcPrc6zalDFiwGlM="
		},
		"arrify": {
			"version": "http://npm-registry.localhost.vm/arrify/-/arrify-1.0.1.tgz",
			"integrity": "sha1-iYUI2iIm84DfkEcoRWhJwVAaSw0="
		},
		"assertion-error": {
			"version": "http://npm-registry.localhost.vm/assertion-error/-/assertion-error-1.0.2.tgz",
			"integrity": "sha1-E8pRXYYgbaC6xm6DTdOX2HWBCUw=",
			"dev": true
		},
		"async-each": {
			"version": "http://npm-registry.localhost.vm/async-each/-/async-each-1.0.1.tgz",
			"integrity": "sha1-GdOGodntxufByF04iu28xW0zYC0="
		},
		"balanced-match": {
			"version": "http://npm-registry.localhost.vm/balanced-match/-/balanced-match-0.4.2.tgz",
			"integrity": "sha1-yz8+PHMtwPAe5wtAPzAuYddwmDg="
		},
		"binary-extensions": {
			"version": "http://npm-registry.localhost.vm/binary-extensions/-/binary-extensions-1.8.0.tgz",
			"integrity": "sha1-SOyNFt9Dd+rl+liEaCSAr02Vx3Q="
		},
		"brace-expansion": {
			"version": "http://npm-registry.localhost.vm/brace-expansion/-/brace-expansion-1.1.6.tgz",
			"integrity": "sha1-cZfX6qm4fmSDkOph/GbIRCdCDfk="
		},
		"braces": {
			"version": "http://npm-registry.localhost.vm/braces/-/braces-1.8.5.tgz",
			"integrity": "sha1-uneWLhLf+WnWt2cR6RS3N4V79qc="
		},
		"browser-stdout": {
			"version": "http://npm-registry.localhost.vm/browser-stdout/-/browser-stdout-1.3.0.tgz",
			"integrity": "sha1-81HTKWnTL6XXpVZxVCY9korjvR8=",
			"dev": true
		},
		"buffer-shims": {
			"version": "http://npm-registry.localhost.vm/buffer-shims/-/buffer-shims-1.0.0.tgz",
			"integrity": "sha1-mXjOMXOIxkmth5MCjDR37wRKi1E="
		},
		"chai": {
			"version": "http://npm-registry.localhost.vm/chai/-/chai-3.5.0.tgz",
			"integrity": "sha1-TQJjewZ/6Vi9v906QOxW/vc3Mkc=",
			"dev": true
		},
		"chalk": {
			"version": "http://npm-registry.localhost.vm/chalk/-/chalk-0.5.1.tgz",
			"integrity": "sha1-Zjs6ZItotV0EaQ1JFnqoN4WPIXQ=",
			"dependencies": {
				"supports-color": {
					"version": "http://npm-registry.localhost.vm/supports-color/-/supports-color-0.2.0.tgz",
					"integrity": "sha1-2S3iaU6z9nMjlz1649i1W0wiGQo="
				}
			}
		},
		"chokidar": {
			"version": "http://npm-registry.localhost.vm/chokidar/-/chokidar-1.6.1.tgz",
			"integrity": "sha1-L0RHq16W5Q+z14n9kNTHLg5McMI="
		},
		"commander": {
			"version": "http://npm-registry.localhost.vm/commander/-/commander-2.6.0.tgz",
			"integrity": "sha1-nfflL7Kgyw+4kFjugMMQQiXzfh0="
		},
		"concat-map": {
			"version": "http://npm-registry.localhost.vm/concat-map/-/concat-map-0.0.1.tgz",
			"integrity": "sha1-2Klr13/Wjfd5OnMDajug1UBdR3s="
		},
		"concurrently": {
			"version": "http://npm-registry.localhost.vm/concurrently/-/concurrently-3.4.0.tgz",
			"integrity": "sha1-YGYrPe/eBzdbrhmqwKt4DsdIunk="
		},
		"configstore": {
			"version": "http://npm-registry.localhost.vm/configstore/-/configstore-1.4.0.tgz",
			"integrity": "sha1-w1eB0FAdJowlxUuLF/YkDopPsCE="
		},
		"core-util-is": {
			"version": "http://npm-registry.localhost.vm/core-util-is/-/core-util-is-1.0.2.tgz",
			"integrity": "sha1-tf1UIgqivFq1eqtxQMlAdUUDwac="
		},
		"date-fns": {
			"version": "http://npm-registry.localhost.vm/date-fns/-/date-fns-1.28.2.tgz",
			"integrity": "sha1-GeQZLWiHXAv3yVN+PylqjsZIU+8="
		},
		"debug": {
			"version": "http://npm-registry.localhost.vm/debug/-/debug-2.6.3.tgz",
			"integrity": "sha1-D364wwll7AjHKsz6ATDIt5mEFB0=",
			"dependencies": {
				"ms": {
					"version": "http://npm-registry.localhost.vm/ms/-/ms-0.7.2.tgz",
					"integrity": "sha1-riXPJRKziFodldfwN4aNhDESR2U="
				}
			}
		},
		"deep-eql": {
			"version": "http://npm-registry.localhost.vm/deep-eql/-/deep-eql-0.1.3.tgz",
			"integrity": "sha1-71WKyrjeJSBs1xOQbXTlaTDrafI=",
			"dev": true,
			"dependencies": {
				"type-detect": {
					"version": "http://npm-registry.localhost.vm/type-detect/-/type-detect-0.1.1.tgz",
					"integrity": "sha1-C6XsKohWQORw6k6FBZcZANrFiCI=",
					"dev": true
				}
			}
		},
		"deep-extend": {
			"version": "http://npm-registry.localhost.vm/deep-extend/-/deep-extend-0.4.1.tgz",
			"integrity": "sha1-7+QRPQgIX05vlod1mBD4B0aeIlM="
		},
		"diff": {
			"version": "http://npm-registry.localhost.vm/diff/-/diff-1.4.0.tgz",
			"integrity": "sha1-fyjS657nsVqX79ic5j3P2qPMur8=",
			"dev": true
		},
		"duplexer": {
			"version": "http://npm-registry.localhost.vm/duplexer/-/duplexer-0.1.1.tgz",
			"integrity": "sha1-rOb/gIwc5mtX0ev5eXessCM0z8E="
		},
		"duplexify": {
			"version": "http://npm-registry.localhost.vm/duplexify/-/duplexify-3.5.0.tgz",
			"integrity": "sha1-GqdzAC4VeEV+nZ1KULDMquvL1gQ="
		},
		"end-of-stream": {
			"version": "http://npm-registry.localhost.vm/end-of-stream/-/end-of-stream-1.0.0.tgz",
			"integrity": "sha1-1FlucCc0qT5A6a+GQxnqvZn/Lw4="
		},
		"es6-promise": {
			"version": "http://npm-registry.localhost.vm/es6-promise/-/es6-promise-3.3.1.tgz",
			"integrity": "sha1-oIzd6EzNvzTQJ6FFG8kdS80ophM="
		},
		"escape-string-regexp": {
			"version": "http://npm-registry.localhost.vm/escape-string-regexp/-/escape-string-regexp-1.0.5.tgz",
			"integrity": "sha1-G2HAViGQqN/2rjuyzwIAyhMLhtQ="
		},
		"event-stream": {
			"version": "http://npm-registry.localhost.vm/event-stream/-/event-stream-3.3.4.tgz",
			"integrity": "sha1-SrTJoPWlTbkzi0w02Gv86PSzVXE="
		},
		"expand-brackets": {
			"version": "http://npm-registry.localhost.vm/expand-brackets/-/expand-brackets-0.1.5.tgz",
			"integrity": "sha1-3wcoTjQqgHzXM6xa9yQR5YHRF3s="
		},
		"expand-range": {
			"version": "http://npm-registry.localhost.vm/expand-range/-/expand-range-1.8.2.tgz",
			"integrity": "sha1-opnv/TNf4nIeuujiV+x5ZE/IUzc="
		},
		"extend": {
			"version": "http://npm-registry.localhost.vm/extend/-/extend-3.0.0.tgz",
			"integrity": "sha1-WkdDU7nzNT3dgXbf03uRyDpG8dQ="
		},
		"extglob": {
			"version": "http://npm-registry.localhost.vm/extglob/-/extglob-0.3.2.tgz",
			"integrity": "sha1-Lhj/PS9JqydlzskCPwEdqo2DSaE="
		},
		"filename-regex": {
			"version": "http://npm-registry.localhost.vm/filename-regex/-/filename-regex-2.0.0.tgz",
			"integrity": "sha1-mW4+gEebmLmJfxWopYs9CE6SZ3U="
		},
		"fill-range": {
			"version": "http://npm-registry.localhost.vm/fill-range/-/fill-range-2.2.3.tgz",
			"integrity": "sha1-ULd9/X5Gm8dJJHCWNpn+eoSFpyM="
		},
		"for-in": {
			"version": "http://npm-registry.localhost.vm/for-in/-/for-in-1.0.2.tgz",
			"integrity": "sha1-gQaNKVqBQuwKxybG4iAMMPttXoA="
		},
		"for-own": {
			"version": "http://npm-registry.localhost.vm/for-own/-/for-own-0.1.5.tgz",
			"integrity": "sha1-UmXGgaTylNq78XyVCbZ2OqhFEM4="
		},
		"from": {
			"version": "http://npm-registry.localhost.vm/from/-/from-0.1.7.tgz",
			"integrity": "sha1-g8YK/Fi5xWmXAH7Rp2izqzA6RP4="
		},
		"fs.realpath": {
			"version": "http://npm-registry.localhost.vm/fs.realpath/-/fs.realpath-1.0.0.tgz",
			"integrity": "sha1-FQStJSMVjKpA20onh8sBQRmU6k8=",
			"dev": true
		},
		"glob": {
			"version": "http://npm-registry.localhost.vm/glob/-/glob-7.0.5.tgz",
			"integrity": "sha1-tCAqaQmbu00pKnwblbZoK2fr3JU=",
			"dev": true
		},
		"glob-base": {
			"version": "http://npm-registry.localhost.vm/glob-base/-/glob-base-0.3.0.tgz",
			"integrity": "sha1-27Fk9iIbHAscz4Kuoyi0l98Oo8Q="
		},
		"glob-parent": {
			"version": "http://npm-registry.localhost.vm/glob-parent/-/glob-parent-2.0.0.tgz",
			"integrity": "sha1-gTg9ctsFT8zPUzbaqQLxgvbtuyg="
		},
		"got": {
			"version": "http://npm-registry.localhost.vm/got/-/got-3.3.1.tgz",
			"integrity": "sha1-5dDtSvVfw+701WAHdp2YGSvLLso=",
			"dependencies": {
				"object-assign": {
					"version": "http://npm-registry.localhost.vm/object-assign/-/object-assign-3.0.0.tgz",
					"integrity": "sha1-m+3VygiXlJvKR+f/QIBi1Un1h/I="
				}
			}
		},
		"graceful-fs": {
			"version": "http://npm-registry.localhost.vm/graceful-fs/-/graceful-fs-4.1.11.tgz",
			"integrity": "sha1-Dovf5NHduIVNZOBOp8AOKgJuVlg="
		},
		"graceful-readlink": {
			"version": "http://npm-registry.localhost.vm/graceful-readlink/-/graceful-readlink-1.0.1.tgz",
			"integrity": "sha1-TK+tdrxi8C+gObL5Tpo906ORpyU=",
			"dev": true
		},
		"growl": {
			"version": "http://npm-registry.localhost.vm/growl/-/growl-1.9.2.tgz",
			"integrity": "sha1-Dqd0NxXbjY3ixe3hd14bRayFwC8=",
			"dev": true
		},
		"has-ansi": {
			"version": "http://npm-registry.localhost.vm/has-ansi/-/has-ansi-0.1.0.tgz",
			"integrity": "sha1-hPJlqujA5qiKEtcCKJS3VoiUxi4="
		},
		"has-flag": {
			"version": "http://npm-registry.localhost.vm/has-flag/-/has-flag-1.0.0.tgz",
			"integrity": "sha1-nZ55MWXOAXoA8AQYxD+UKnsdEfo="
		},
		"ignore-by-default": {
			"version": "http://npm-registry.localhost.vm/ignore-by-default/-/ignore-by-default-1.0.1.tgz",
			"integrity": "sha1-SMptcvbGo68Aqa1K5odr44ieKwk="
		},
		"imurmurhash": {
			"version": "http://npm-registry.localhost.vm/imurmurhash/-/imurmurhash-0.1.4.tgz",
			"integrity": "sha1-khi5srkoojixPcT7a21XbyMUU+o="
		},
		"infinity-agent": {
			"version": "http://npm-registry.localhost.vm/infinity-agent/-/infinity-agent-2.0.3.tgz",
			"integrity": "sha1-ReDi/3qesDCyfWK3SzdEt6esQhY="
		},
		"inflight": {
			"version": "http://npm-registry.localhost.vm/inflight/-/inflight-1.0.6.tgz",
			"integrity": "sha1-Sb1jMdfQLQwJvJEKEHW6gWW1bfk=",
			"dev": true
		},
		"inherits": {
			"version": "http://npm-registry.localhost.vm/inherits/-/inherits-2.0.3.tgz",
			"integrity": "sha1-Yzwsg+PaQqUC9SRmAiSA9CCCYd4="
		},
		"ini": {
			"version": "http://npm-registry.localhost.vm/ini/-/ini-1.3.4.tgz",
			"integrity": "sha1-BTfLedr1m1mhpRff9wbIbsA5Fi4="
		},
		"invert-kv": {
			"version": "http://npm-registry.localhost.vm/invert-kv/-/invert-kv-1.0.0.tgz",
			"integrity": "sha1-EEqOSqym09jNFXqO+L+rLXo//bY="
		},
		"is-binary-path": {
			"version": "http://npm-registry.localhost.vm/is-binary-path/-/is-binary-path-1.0.1.tgz",
			"integrity": "sha1-dfFmQrSA8YenEcgUFh/TpKdlWJg="
		},
		"is-buffer": {
			"version": "http://npm-registry.localhost.vm/is-buffer/-/is-buffer-1.1.5.tgz",
			"integrity": "sha1-Hzsm72E7IUuIy8ojzGwB2Hlh7sw="
		},
		"is-dotfile": {
			"version": "http://npm-registry.localhost.vm/is-dotfile/-/is-dotfile-1.0.2.tgz",
			"integrity": "sha1-LBMjg/ORmfjtwmjKAbmwB9IFzE0="
		},
		"is-equal-shallow": {
			"version": "http://npm-registry.localhost.vm/is-equal-shallow/-/is-equal-shallow-0.1.3.tgz",
			"integrity": "sha1-IjgJj8Ih3gvPpdnqxMRdY4qhxTQ="
		},
		"is-extendable": {
			"version": "http://npm-registry.localhost.vm/is-extendable/-/is-extendable-0.1.1.tgz",
			"integrity": "sha1-YrEQ4omkcUGOPsNqYX1HLjAd/Ik="
		},
		"is-extglob": {
			"version": "http://npm-registry.localhost.vm/is-extglob/-/is-extglob-1.0.0.tgz",
			"integrity": "sha1-rEaBd8SUNAWgkvyPKXYMb/xiBsA="
		},
		"is-finite": {
			"version": "http://npm-registry.localhost.vm/is-finite/-/is-finite-1.0.2.tgz",
			"integrity": "sha1-zGZ3aVYCvlUO8R6LSqYwU0K20Ko="
		},
		"is-fullwidth-code-point": {
			"version": "http://npm-registry.localhost.vm/is-fullwidth-code-point/-/is-fullwidth-code-point-2.0.0.tgz",
			"integrity": "sha1-o7MKXE8ZkYMWeqq5O+764937ZU8="
		},
		"is-glob": {
			"version": "http://npm-registry.localhost.vm/is-glob/-/is-glob-2.0.1.tgz",
			"integrity": "sha1-0Jb5JqPe1WAPP9/ZEZjLCIjC2GM="
		},
		"is-npm": {
			"version": "http://npm-registry.localhost.vm/is-npm/-/is-npm-1.0.0.tgz",
			"integrity": "sha1-8vtjpl5JBbQGyGBydloaTceTufQ="
		},
		"is-number": {
			"version": "http://npm-registry.localhost.vm/is-number/-/is-number-2.1.0.tgz",
			"integrity": "sha1-Afy7s5NGOlSPL0ZszhbezknbkI8="
		},
		"is-posix-bracket": {
			"version": "http://npm-registry.localhost.vm/is-posix-bracket/-/is-posix-bracket-0.1.1.tgz",
			"integrity": "sha1-MzTceXdDaOkvAW5vvAqI9c1ua8Q="
		},
		"is-primitive": {
			"version": "http://npm-registry.localhost.vm/is-primitive/-/is-primitive-2.0.0.tgz",
			"integrity": "sha1-IHurkWOEmcB7Kt8kCkGochADRXU="
		},
		"is-redirect": {
			"version": "http://npm-registry.localhost.vm/is-redirect/-/is-redirect-1.0.0.tgz",
			"integrity": "sha1-HQPd7VO9jbDzDCbk+V02/HyH3CQ="
		},
		"is-stream": {
			"version": "http://npm-registry.localhost.vm/is-stream/-/is-stream-1.1.0.tgz",
			"integrity": "sha1-EtSj3U5o4Lec6428hBc66A2RykQ="
		},
		"isarray": {
			"version": "http://npm-registry.localhost.vm/isarray/-/isarray-1.0.0.tgz",
			"integrity": "sha1-u5NdSFgsuhaMBoNJV6VKPgcSTxE="
		},
		"isobject": {
			"version": "http://npm-registry.localhost.vm/isobject/-/isobject-2.1.0.tgz",
			"integrity": "sha1-8GVWEJaj8dou9GJy+BXIQNh+DIk="
		},
		"json3": {
			"version": "http://npm-registry.localhost.vm/json3/-/json3-3.3.2.tgz",
			"integrity": "sha1-PAQ0dD35Pi9cQq7nsZvLSDV19OE=",
			"dev": true
		},
		"kind-of": {
			"version": "http://npm-registry.localhost.vm/kind-of/-/kind-of-3.1.0.tgz",
			"integrity": "sha1-R11pil5J/15T0U4+cyQp3Iv0z0c="
		},
		"latest-version": {
			"version": "http://npm-registry.localhost.vm/latest-version/-/latest-version-1.0.1.tgz",
			"integrity": "sha1-cs/Ebj6NG+ZR4eu1Tqn26pbzdLs="
		},
		"lcid": {
			"version": "http://npm-registry.localhost.vm/lcid/-/lcid-1.0.0.tgz",
			"integrity": "sha1-MIrMr6C8SDo4Z7S28rlQYlHRuDU="
		},
		"lodash": {
			"version": "http://npm-registry.localhost.vm/lodash/-/lodash-4.17.4.tgz",
			"integrity": "sha1-eCA6TRwyiuHYbcpkYONptX9AVa4="
		},
		"lodash._baseassign": {
			"version": "http://npm-registry.localhost.vm/lodash._baseassign/-/lodash._baseassign-3.2.0.tgz",
			"integrity": "sha1-jDigmVAPIVrQnlnxci/QxSv+Ck4="
		},
		"lodash._basecopy": {
			"version": "http://npm-registry.localhost.vm/lodash._basecopy/-/lodash._basecopy-3.0.1.tgz",
			"integrity": "sha1-jaDmqHbPNEwK2KVIghEd08XHyjY="
		},
		"lodash._basecreate": {
			"version": "http://npm-registry.localhost.vm/lodash._basecreate/-/lodash._basecreate-3.0.3.tgz",
			"integrity": "sha1-G8ZhYU2qf8MRt9A78WgGoCE8+CE=",
			"dev": true
		},
		"lodash._bindcallback": {
			"version": "http://npm-registry.localhost.vm/lodash._bindcallback/-/lodash._bindcallback-3.0.1.tgz",
			"integrity": "sha1-5THCdkTPi1epnhftlbNcdIeJOS4="
		},
		"lodash._createassigner": {
			"version": "http://npm-registry.localhost.vm/lodash._createassigner/-/lodash._createassigner-3.1.1.tgz",
			"integrity": "sha1-g4pbri/aymOsIt7o4Z+k5taXCxE="
		},
		"lodash._getnative": {
			"version": "http://npm-registry.localhost.vm/lodash._getnative/-/lodash._getnative-3.9.1.tgz",
			"integrity": "sha1-VwvH3t5G1hzc3mh9ZdPuy6o6r/U="
		},
		"lodash._isiterateecall": {
			"version": "http://npm-registry.localhost.vm/lodash._isiterateecall/-/lodash._isiterateecall-3.0.9.tgz",
			"integrity": "sha1-UgOte6Ql+uhCRg5pbbnPPmqsBXw="
		},
		"lodash.assign": {
			"version": "http://npm-registry.localhost.vm/lodash.assign/-/lodash.assign-3.2.0.tgz",
			"integrity": "sha1-POnwI0tLIiPilrj6CsH+6OvKZPo="
		},
		"lodash.create": {
			"version": "http://npm-registry.localhost.vm/lodash.create/-/lodash.create-3.1.1.tgz",
			"integrity": "sha1-1/KEnw29p+BGgruM1yqwIkYd6+c=",
			"dev": true
		},
		"lodash.defaults": {
			"version": "http://npm-registry.localhost.vm/lodash.defaults/-/lodash.defaults-3.1.2.tgz",
			"integrity": "sha1-xzCLGNv4vJNy1wGnNJPGEZK9Liw="
		},
		"lodash.isarguments": {
			"version": "http://npm-registry.localhost.vm/lodash.isarguments/-/lodash.isarguments-3.1.0.tgz",
			"integrity": "sha1-L1c9hcaiQon/AGY7SRwdM4/zRYo="
		},
		"lodash.isarray": {
			"version": "http://npm-registry.localhost.vm/lodash.isarray/-/lodash.isarray-3.0.4.tgz",
			"integrity": "sha1-eeTriMNqgSKvhvhEqpvNhRtfu1U="
		},
		"lodash.keys": {
			"version": "http://npm-registry.localhost.vm/lodash.keys/-/lodash.keys-3.1.2.tgz",
			"integrity": "sha1-TbwEcrFWvlCgsoaFXRvQsMZWCYo="
		},
		"lodash.restparam": {
			"version": "http://npm-registry.localhost.vm/lodash.restparam/-/lodash.restparam-3.6.1.tgz",
			"integrity": "sha1-k2pOMJ7zMKdkXtQUWYbIWuWyCAU="
		},
		"lowercase-keys": {
			"version": "http://npm-registry.localhost.vm/lowercase-keys/-/lowercase-keys-1.0.0.tgz",
			"integrity": "sha1-TjNms55/VFfjXxMkvfb4jQv8cwY="
		},
		"map-stream": {
			"version": "http://npm-registry.localhost.vm/map-stream/-/map-stream-0.1.0.tgz",
			"integrity": "sha1-5WqpTEyAVaFkBKBnS3jyFffI4ZQ="
		},
		"micromatch": {
			"version": "http://npm-registry.localhost.vm/micromatch/-/micromatch-2.3.11.tgz",
			"integrity": "sha1-hmd8l9FyCzY0MdBNDRUpO9OMFWU="
		},
		"minimatch": {
			"version": "http://npm-registry.localhost.vm/minimatch/-/minimatch-3.0.3.tgz",
			"integrity": "sha1-Kk5AkLlrLbBqnX3wEFWmKnfJt3Q="
		},
		"minimist": {
			"version": "http://npm-registry.localhost.vm/minimist/-/minimist-0.0.8.tgz",
			"integrity": "sha1-hX/Kv8M5fSYluCKCYuhqp6ARsF0="
		},
		"mkdirp": {
			"version": "http://npm-registry.localhost.vm/mkdirp/-/mkdirp-0.5.1.tgz",
			"integrity": "sha1-MAV0OOrGz3+MR2fzhkjWaX11yQM="
		},
		"mocha": {
			"version": "http://npm-registry.localhost.vm/mocha/-/mocha-3.2.0.tgz",
			"integrity": "sha1-fcT0XlCIB1FxpoiWgU5q6et6heM=",
			"dev": true,
			"dependencies": {
				"commander": {
					"version": "http://npm-registry.localhost.vm/commander/-/commander-2.9.0.tgz",
					"integrity": "sha1-nJkJQXbhIkDLItbFFGCYQA/g99Q=",
					"dev": true
				},
				"debug": {
					"version": "http://npm-registry.localhost.vm/debug/-/debug-2.2.0.tgz",
					"integrity": "sha1-+HBX6ZWxofauaklgZkE3vFbwOdo=",
					"dev": true
				},
				"supports-color": {
					"version": "http://npm-registry.localhost.vm/supports-color/-/supports-color-3.1.2.tgz",
					"integrity": "sha1-cqJiiU2dQIuVbKBf83su2KbiotU=",
					"dev": true
				}
			}
		},
		"module-require": {
			"version": "http://npm-registry.localhost.vm/module-require/-/module-require-1.4.5.tgz",
			"integrity": "sha1-Yz3wgzRDya2FlvTELlI3NINVr4g="
		},
		"ms": {
			"version": "http://npm-registry.localhost.vm/ms/-/ms-0.7.1.tgz",
			"integrity": "sha1-nNE8A62/8ltl7/3nzoZO6VIBcJg="
		},
		"nested-error-stacks": {
			"version": "http://npm-registry.localhost.vm/nested-error-stacks/-/nested-error-stacks-1.0.2.tgz",
			"integrity": "sha1-GfYZWRUZ8JZ2mlupqG5u7sgjw88="
		},
		"nodejs-fs-utils": {
			"version": "http://npm-registry.localhost.vm/nodejs-fs-utils/-/nodejs-fs-utils-1.0.26.tgz",
			"integrity": "sha1-ku3E2AOwxl6bKTMMNRmjl+uCf8A="
		},
		"nodemon": {
			"version": "http://npm-registry.localhost.vm/nodemon/-/nodemon-1.11.0.tgz",
			"integrity": "sha1-ImxWK9KnsT09dRi0mtSCijYj0Gw="
		},
		"nopt": {
			"version": "http://npm-registry.localhost.vm/nopt/-/nopt-1.0.10.tgz",
			"integrity": "sha1-bd0hvSoxQXuScn3Vhfim83YI6+4="
		},
		"normalize-path": {
			"version": "http://npm-registry.localhost.vm/normalize-path/-/normalize-path-2.1.1.tgz",
			"integrity": "sha1-GrKLVW4Zg2Oowab35vogE3/mrtk="
		},
		"number-is-nan": {
			"version": "http://npm-registry.localhost.vm/number-is-nan/-/number-is-nan-1.0.1.tgz",
			"integrity": "sha1-CXtgK1NCKlIsGvuHkDGDNpQaAR0="
		},
		"object-assign": {
			"version": "http://npm-registry.localhost.vm/object-assign/-/object-assign-4.1.1.tgz",
			"integrity": "sha1-IQmtx5ZYh8/AXLvUQsrIv7s2CGM="
		},
		"object.omit": {
			"version": "http://npm-registry.localhost.vm/object.omit/-/object.omit-2.0.1.tgz",
			"integrity": "sha1-Gpx0SCnznbuFjHbKNXmuKlTr0fo="
		},
		"once": {
			"version": "http://npm-registry.localhost.vm/once/-/once-1.3.3.tgz",
			"integrity": "sha1-suJhVXzkwxTsgwTz+oJmPkKXyiA="
		},
		"os-homedir": {
			"version": "http://npm-registry.localhost.vm/os-homedir/-/os-homedir-1.0.2.tgz",
			"integrity": "sha1-/7xJiDNuDoM94MFox+8VISGqf7M="
		},
		"os-locale": {
			"version": "http://npm-registry.localhost.vm/os-locale/-/os-locale-1.4.0.tgz",
			"integrity": "sha1-IPnxeuKe00XoveWDsT0gCYA8FNk="
		},
		"os-tmpdir": {
			"version": "http://npm-registry.localhost.vm/os-tmpdir/-/os-tmpdir-1.0.2.tgz",
			"integrity": "sha1-u+Z0BseaqFxc/sdm/lc0VV36EnQ="
		},
		"osenv": {
			"version": "http://npm-registry.localhost.vm/osenv/-/osenv-0.1.4.tgz",
			"integrity": "sha1-Qv5tWVPfBsgGS+bxdsPQWqqjRkQ="
		},
		"package-json": {
			"version": "http://npm-registry.localhost.vm/package-json/-/package-json-1.2.0.tgz",
			"integrity": "sha1-yOysCUInzfdqMWh07QXifMk5oOA="
		},
		"parse-glob": {
			"version": "http://npm-registry.localhost.vm/parse-glob/-/parse-glob-3.0.4.tgz",
			"integrity": "sha1-ssN2z7EfNVE7rdFz7wu246OIORw="
		},
		"path-is-absolute": {
			"version": "http://npm-registry.localhost.vm/path-is-absolute/-/path-is-absolute-1.0.1.tgz",
			"integrity": "sha1-F0uSaHNVNP+8es5r9TpanhtcX18="
		},
		"pause-stream": {
			"version": "http://npm-registry.localhost.vm/pause-stream/-/pause-stream-0.0.11.tgz",
			"integrity": "sha1-/lo0sMvOErWqaitAPuLnO2AvFEU="
		},
		"pinkie": {
			"version": "http://npm-registry.localhost.vm/pinkie/-/pinkie-2.0.4.tgz",
			"integrity": "sha1-clVrgM+g1IqXToDnckjoDtT3+HA="
		},
		"pinkie-promise": {
			"version": "http://npm-registry.localhost.vm/pinkie-promise/-/pinkie-promise-2.0.1.tgz",
			"integrity": "sha1-ITXW36ejWMBprJsXh3YogihFD/o="
		},
		"prepend-http": {
			"version": "http://npm-registry.localhost.vm/prepend-http/-/prepend-http-1.0.4.tgz",
			"integrity": "sha1-1PRWKwzjaW5BrFLQ4ALlemNdxtw="
		},
		"preserve": {
			"version": "http://npm-registry.localhost.vm/preserve/-/preserve-0.2.0.tgz",
			"integrity": "sha1-gV7R9uvGWSb4ZbMQwHE7yzMVzks="
		},
		"process-nextick-args": {
			"version": "http://npm-registry.localhost.vm/process-nextick-args/-/process-nextick-args-1.0.7.tgz",
			"integrity": "sha1-FQ4gt1ZZCtP5EJPyWk8q2L/zC6M="
		},
		"ps-tree": {
			"version": "http://npm-registry.localhost.vm/ps-tree/-/ps-tree-1.1.0.tgz",
			"integrity": "sha1-tCGyQUDWID8e08dplrRCewjowBQ="
		},
		"randomatic": {
			"version": "http://npm-registry.localhost.vm/randomatic/-/randomatic-1.1.6.tgz",
			"integrity": "sha1-EQ3Kv/OX6dz/fAeJzMCkmt8exbs="
		},
		"rc": {
			"version": "http://npm-registry.localhost.vm/rc/-/rc-1.2.0.tgz",
			"integrity": "sha1-x96XO3tGKXwEE2ay/T0jY7FpfGY=",
			"dependencies": {
				"minimist": {
					"version": "http://npm-registry.localhost.vm/minimist/-/minimist-1.2.0.tgz",
					"integrity": "sha1-o1AIsg9BOD7sH7kU9M1d95omQoQ="
				}
			}
		},
		"read-all-stream": {
			"version": "http://npm-registry.localhost.vm/read-all-stream/-/read-all-stream-3.1.0.tgz",
			"integrity": "sha1-NcPhd/IHjveJ7kv6+kNzB06u9Po="
		},
		"readable-stream": {
			"version": "http://npm-registry.localhost.vm/readable-stream/-/readable-stream-2.2.6.tgz",
			"integrity": "sha1-i0Ou125xSDk40SqNRsbPGgCx+BY="
		},
		"readdirp": {
			"version": "http://npm-registry.localhost.vm/readdirp/-/readdirp-2.1.0.tgz",
			"integrity": "sha1-TtCtBg3zBzMAxIRANz9y0cxkLXg="
		},
		"readline-sync": {
			"version": "http://npm-registry.localhost.vm/readline-sync/-/readline-sync-1.4.7.tgz",
			"integrity": "sha1-ABv91MBhEMPAhMY798alYCIhPzA="
		},
		"regex-cache": {
			"version": "http://npm-registry.localhost.vm/regex-cache/-/regex-cache-0.4.3.tgz",
			"integrity": "sha1-mxpsNdTQ3871cRrmUejp09cRQUU="
		},
		"registry-url": {
			"version": "http://npm-registry.localhost.vm/registry-url/-/registry-url-3.1.0.tgz",
			"integrity": "sha1-PU74cPc93h138M+aOBQyRE4XSUI="
		},
		"remove-trailing-separator": {
			"version": "http://npm-registry.localhost.vm/remove-trailing-separator/-/remove-trailing-separator-1.0.1.tgz",
			"integrity": "sha1-YV67lq9VlVLUv0BXyENtSGq2PMQ="
		},
		"repeat-element": {
			"version": "http://npm-registry.localhost.vm/repeat-element/-/repeat-element-1.1.2.tgz",
			"integrity": "sha1-7wiaF40Ug7quTZPrmLT55OEdmQo="
		},
		"repeat-string": {
			"version": "http://npm-registry.localhost.vm/repeat-string/-/repeat-string-1.6.1.tgz",
			"integrity": "sha1-jcrkcOHIirwtYA//Sndihtp15jc="
		},
		"repeating": {
			"version": "http://npm-registry.localhost.vm/repeating/-/repeating-1.1.3.tgz",
			"integrity": "sha1-PUEUIYh3U3SU+X93+Xhfq4EPpKw="
		},
		"rx": {
			"version": "http://npm-registry.localhost.vm/rx/-/rx-2.3.24.tgz",
			"integrity": "sha1-FPlQpCF9fjXapxu8vljv9o6ksrc="
		},
		"semver": {
			"version": "http://npm-registry.localhost.vm/semver/-/semver-5.3.0.tgz",
			"integrity": "sha1-myzl094C0XxgEq0yaqa00M9U+U8="
		},
		"semver-diff": {
			"version": "http://npm-registry.localhost.vm/semver-diff/-/semver-diff-2.1.0.tgz",
			"integrity": "sha1-S7uEN8jTfksM8aaP1ybsbWRdbTY="
		},
		"set-immediate-shim": {
			"version": "http://npm-registry.localhost.vm/set-immediate-shim/-/set-immediate-shim-1.0.1.tgz",
			"integrity": "sha1-SysbJ+uAip+NzEgaWOXlb1mfP2E="
		},
		"slide": {
			"version": "http://npm-registry.localhost.vm/slide/-/slide-1.1.6.tgz",
			"integrity": "sha1-VusCfWW00tzmyy4tMsTUr8nh1wc="
		},
		"source-map": {
			"version": "http://npm-registry.localhost.vm/source-map/-/source-map-0.5.6.tgz",
			"integrity": "sha1-dc449SvwczxafwwRjYEzSiu19BI="
		},
		"source-map-support": {
			"version": "http://npm-registry.localhost.vm/source-map-support/-/source-map-support-0.4.14.tgz",
			"integrity": "sha1-nURjdyWYuGJxtPUj9sH04Cp9au8="
		},
		"spawn-command": {
			"version": "http://npm-registry.localhost.vm/spawn-command/-/spawn-command-0.0.2-1.tgz",
			"integrity": "sha1-YvXpRmmBwbeW3Fkpk34RycaSG9A="
		},
		"split": {
			"version": "http://npm-registry.localhost.vm/split/-/split-0.3.3.tgz",
			"integrity": "sha1-zQ7qXmOiEd//frDwkcQTPi0N0o8="
		},
		"stream-combiner": {
			"version": "http://npm-registry.localhost.vm/stream-combiner/-/stream-combiner-0.0.4.tgz",
			"integrity": "sha1-TV5DPBhSYd3mI8o/RMWGvPXErRQ="
		},
		"stream-shift": {
			"version": "http://npm-registry.localhost.vm/stream-shift/-/stream-shift-1.0.0.tgz",
			"integrity": "sha1-1cdSgl5TZ+eG944Y5EXqIjoVWVI="
		},
		"string_decoder": {
			"version": "http://npm-registry.localhost.vm/string_decoder/-/string_decoder-0.10.31.tgz",
			"integrity": "sha1-YuIDvEF2bGwoyfyEMB2rHFMQ+pQ="
		},
		"string-length": {
			"version": "http://npm-registry.localhost.vm/string-length/-/string-length-1.0.1.tgz",
			"integrity": "sha1-VpcPscOFWOnnC3KL894mmsRa36w=",
			"dependencies": {
				"ansi-regex": {
					"version": "http://npm-registry.localhost.vm/ansi-regex/-/ansi-regex-2.1.1.tgz",
					"integrity": "sha1-w7M6te42DYbg5ijwRorn7yfWVN8="
				},
				"strip-ansi": {
					"version": "http://npm-registry.localhost.vm/strip-ansi/-/strip-ansi-3.0.1.tgz",
					"integrity": "sha1-ajhfuIU9lS1f8F0Oiq+UJ43GPc8="
				}
			}
		},
		"string-width": {
			"version": "http://npm-registry.localhost.vm/string-width/-/string-width-2.0.0.tgz",
			"integrity": "sha1-Y1xUNsxypuDDh87KJ41OLuxSaH4=",
			"dependencies": {
				"ansi-regex": {
					"version": "http://npm-registry.localhost.vm/ansi-regex/-/ansi-regex-2.1.1.tgz",
					"integrity": "sha1-w7M6te42DYbg5ijwRorn7yfWVN8="
				},
				"strip-ansi": {
					"version": "http://npm-registry.localhost.vm/strip-ansi/-/strip-ansi-3.0.1.tgz",
					"integrity": "sha1-ajhfuIU9lS1f8F0Oiq+UJ43GPc8="
				}
			}
		},
		"strip-ansi": {
			"version": "http://npm-registry.localhost.vm/strip-ansi/-/strip-ansi-0.3.0.tgz",
			"integrity": "sha1-JfSOoiynkYfzF0pNuHWTR7sSYiA="
		},
		"strip-json-comments": {
			"version": "http://npm-registry.localhost.vm/strip-json-comments/-/strip-json-comments-2.0.1.tgz",
			"integrity": "sha1-PFMZQukIwml8DsNEhYwobHygpgo="
		},
		"supports-color": {
			"version": "http://npm-registry.localhost.vm/supports-color/-/supports-color-3.2.3.tgz",
			"integrity": "sha1-ZawFBLOVQXHYpklGsq48u4pfVPY="
		},
		"through": {
			"version": "http://npm-registry.localhost.vm/through/-/through-2.3.8.tgz",
			"integrity": "sha1-DdTJ/6q8NXlgsbckEV1+Doai4fU="
		},
		"timed-out": {
			"version": "http://npm-registry.localhost.vm/timed-out/-/timed-out-2.0.0.tgz",
			"integrity": "sha1-84sK6B03R9YoAB9B2vxlKs5nHAo="
		},
		"touch": {
			"version": "http://npm-registry.localhost.vm/touch/-/touch-1.0.0.tgz",
			"integrity": "sha1-RJy+LbrlqMgDjjDXH6D/RklHxN4="
		},
		"tree-kill": {
			"version": "http://npm-registry.localhost.vm/tree-kill/-/tree-kill-1.1.0.tgz",
			"integrity": "sha1-yWPc8DciiS7FnLpWnpQLcZVNFyk="
		},
		"type-detect": {
			"version": "http://npm-registry.localhost.vm/type-detect/-/type-detect-1.0.0.tgz",
			"integrity": "sha1-diIXzAbbJY7EiQihKY6LlRIejqI=",
			"dev": true
		},
		"undefsafe": {
			"version": "http://npm-registry.localhost.vm/undefsafe/-/undefsafe-0.0.3.tgz",
			"integrity": "sha1-7Mo6A+VrmvFzhbqsgSrIO5lKli8="
		},
		"update-notifier": {
			"version": "http://npm-registry.localhost.vm/update-notifier/-/update-notifier-0.5.0.tgz",
			"integrity": "sha1-B7XcIGazYnqztPUwEw9+3doHpMw=",
			"dependencies": {
				"ansi-regex": {
					"version": "http://npm-registry.localhost.vm/ansi-regex/-/ansi-regex-2.1.1.tgz",
					"integrity": "sha1-w7M6te42DYbg5ijwRorn7yfWVN8="
				},
				"ansi-styles": {
					"version": "http://npm-registry.localhost.vm/ansi-styles/-/ansi-styles-2.2.1.tgz",
					"integrity": "sha1-tDLdM1i2NM914eRmQ2gkBTPB3b4="
				},
				"chalk": {
					"version": "http://npm-registry.localhost.vm/chalk/-/chalk-1.1.3.tgz",
					"integrity": "sha1-qBFcVeSnAv5NFQq9OHKCKn4J/Jg="
				},
				"has-ansi": {
					"version": "http://npm-registry.localhost.vm/has-ansi/-/has-ansi-2.0.0.tgz",
					"integrity": "sha1-NPUEnOHs3ysGSa8+8k5F7TVBbZE="
				},
				"strip-ansi": {
					"version": "http://npm-registry.localhost.vm/strip-ansi/-/strip-ansi-3.0.1.tgz",
					"integrity": "sha1-ajhfuIU9lS1f8F0Oiq+UJ43GPc8="
				},
				"supports-color": {
					"version": "http://npm-registry.localhost.vm/supports-color/-/supports-color-2.0.0.tgz",
					"integrity": "sha1-U10EXOa2Nj+kARcIRimZXp3zJMc="
				}
			}
		},
		"util-deprecate": {
			"version": "http://npm-registry.localhost.vm/util-deprecate/-/util-deprecate-1.0.2.tgz",
			"integrity": "sha1-RQ1Nyfpw3nMnYvvS1KKJgUGaDM8="
		},
		"uuid": {
			"version": "http://npm-registry.localhost.vm/uuid/-/uuid-2.0.3.tgz",
			"integrity": "sha1-Z+LoY3lyFVMN/zGOW/nc6/1Hsho="
		},
		"wrappy": {
			"version": "http://npm-registry.localhost.vm/wrappy/-/wrappy-1.0.2.tgz",
			"integrity": "sha1-tSQ9jz7BqjXxNkYFvA0QNuMKtp8="
		},
		"write-file-atomic": {
			"version": "http://npm-registry.localhost.vm/write-file-atomic/-/write-file-atomic-1.3.1.tgz",
			"integrity": "sha1-fUW6MjFjKN0ex9kPYOvA2EW7dZo="
		},
		"xdg-basedir": {
			"version": "http://npm-registry.localhost.vm/xdg-basedir/-/xdg-basedir-2.0.0.tgz",
			"integrity": "sha1-7byQPMOF/ARSPZZqM1UEtVBNG9I="
		}
	}
}
